// !$*UTF8*$!
{
	archiveVersion = 1;
	classes = {
	};
	objectVersion = 55;
	objects = {

/* Begin PBXBuildFile section */
		4334B99627140B9B005366E8 /* AdminViewController.swift in Sources */ = {isa = PBXBuildFile; fileRef = 4334B99527140B9B005366E8 /* AdminViewController.swift */; };
		4334B99827141376005366E8 /* DataFile.swift in Sources */ = {isa = PBXBuildFile; fileRef = 4334B99727141376005366E8 /* DataFile.swift */; };
		4334B99A271422E1005366E8 /* FinalViewController.swift in Sources */ = {isa = PBXBuildFile; fileRef = 4334B999271422E1005366E8 /* FinalViewController.swift */; };
		43D085712713907C002131CA /* AppDelegate.swift in Sources */ = {isa = PBXBuildFile; fileRef = 43D085702713907C002131CA /* AppDelegate.swift */; };
		43D085732713907C002131CA /* SceneDelegate.swift in Sources */ = {isa = PBXBuildFile; fileRef = 43D085722713907C002131CA /* SceneDelegate.swift */; };
		43D085752713907C002131CA /* ViewController.swift in Sources */ = {isa = PBXBuildFile; fileRef = 43D085742713907C002131CA /* ViewController.swift */; };
		43D085782713907C002131CA /* Main.storyboard in Resources */ = {isa = PBXBuildFile; fileRef = 43D085762713907C002131CA /* Main.storyboard */; };
		43D0857A2713907C002131CA /* Assets.xcassets in Resources */ = {isa = PBXBuildFile; fileRef = 43D085792713907C002131CA /* Assets.xcassets */; };
		43D0857D2713907C002131CA /* LaunchScreen.storyboard in Resources */ = {isa = PBXBuildFile; fileRef = 43D0857B2713907C002131CA /* LaunchScreen.storyboard */; };
		43D085882713907D002131CA /* cashAppTests.swift in Sources */ = {isa = PBXBuildFile; fileRef = 43D085872713907D002131CA /* cashAppTests.swift */; };
		43D085922713907D002131CA /* cashAppUITests.swift in Sources */ = {isa = PBXBuildFile; fileRef = 43D085912713907D002131CA /* cashAppUITests.swift */; };
		43D085942713907D002131CA /* cashAppUITestsLaunchTests.swift in Sources */ = {isa = PBXBuildFile; fileRef = 43D085932713907D002131CA /* cashAppUITestsLaunchTests.swift */; };
/* End PBXBuildFile section */

/* Begin PBXContainerItemProxy section */
		43D085842713907D002131CA /* PBXContainerItemProxy */ = {
			isa = PBXContainerItemProxy;
			containerPortal = 43D085652713907C002131CA /* Project object */;
			proxyType = 1;
			remoteGlobalIDString = 43D0856C2713907C002131CA;
			remoteInfo = cashApp;
		};
		43D0858E2713907D002131CA /* PBXContainerItemProxy */ = {
			isa = PBXContainerItemProxy;
			containerPortal = 43D085652713907C002131CA /* Project object */;
			proxyType = 1;
			remoteGlobalIDString = 43D0856C2713907C002131CA;
			remoteInfo = cashApp;
		};
/* End PBXContainerItemProxy section */

/* Begin PBXFileReference section */
		4334B99527140B9B005366E8 /* AdminViewController.swift */ = {isa = PBXFileReference; lastKnownFileType = sourcecode.swift; path = AdminViewController.swift; sourceTree = "<group>"; };
		4334B99727141376005366E8 /* DataFile.swift */ = {isa = PBXFileReference; lastKnownFileType = sourcecode.swift; path = DataFile.swift; sourceTree = "<group>"; };
		4334B999271422E1005366E8 /* FinalViewController.swift */ = {isa = PBXFileReference; lastKnownFileType = sourcecode.swift; path = FinalViewController.swift; sourceTree = "<group>"; };
		43D0856D2713907C002131CA /* cashApp.app */ = {isa = PBXFileReference; explicitFileType = wrapper.application; includeInIndex = 0; path = cashApp.app; sourceTree = BUILT_PRODUCTS_DIR; };
		43D085702713907C002131CA /* AppDelegate.swift */ = {isa = PBXFileReference; lastKnownFileType = sourcecode.swift; path = AppDelegate.swift; sourceTree = "<group>"; };
		43D085722713907C002131CA /* SceneDelegate.swift */ = {isa = PBXFileReference; lastKnownFileType = sourcecode.swift; path = SceneDelegate.swift; sourceTree = "<group>"; };
		43D085742713907C002131CA /* ViewController.swift */ = {isa = PBXFileReference; lastKnownFileType = sourcecode.swift; path = ViewController.swift; sourceTree = "<group>"; };
		43D085772713907C002131CA /* Base */ = {isa = PBXFileReference; lastKnownFileType = file.storyboard; name = Base; path = Base.lproj/Main.storyboard; sourceTree = "<group>"; };
		43D085792713907C002131CA /* Assets.xcassets */ = {isa = PBXFileReference; lastKnownFileType = folder.assetcatalog; path = Assets.xcassets; sourceTree = "<group>"; };
		43D0857C2713907C002131CA /* Base */ = {isa = PBXFileReference; lastKnownFileType = file.storyboard; name = Base; path = Base.lproj/LaunchScreen.storyboard; sourceTree = "<group>"; };
		43D0857E2713907C002131CA /* Info.plist */ = {isa = PBXFileReference; lastKnownFileType = text.plist.xml; path = Info.plist; sourceTree = "<group>"; };
		43D085832713907D002131CA /* cashAppTests.xctest */ = {isa = PBXFileReference; explicitFileType = wrapper.cfbundle; includeInIndex = 0; path = cashAppTests.xctest; sourceTree = BUILT_PRODUCTS_DIR; };
		43D085872713907D002131CA /* cashAppTests.swift */ = {isa = PBXFileReference; lastKnownFileType = sourcecode.swift; path = cashAppTests.swift; sourceTree = "<group>"; };
		43D0858D2713907D002131CA /* cashAppUITests.xctest */ = {isa = PBXFileReference; explicitFileType = wrapper.cfbundle; includeInIndex = 0; path = cashAppUITests.xctest; sourceTree = BUILT_PRODUCTS_DIR; };
		43D085912713907D002131CA /* cashAppUITests.swift */ = {isa = PBXFileReference; lastKnownFileType = sourcecode.swift; path = cashAppUITests.swift; sourceTree = "<group>"; };
		43D085932713907D002131CA /* cashAppUITestsLaunchTests.swift */ = {isa = PBXFileReference; lastKnownFileType = sourcecode.swift; path = cashAppUITestsLaunchTests.swift; sourceTree = "<group>"; };
/* End PBXFileReference section */

/* Begin PBXFrameworksBuildPhase section */
		43D0856A2713907C002131CA /* Frameworks */ = {
			isa = PBXFrameworksBuildPhase;
			buildActionMask = 2147483647;
			files = (
			);
			runOnlyForDeploymentPostprocessing = 0;
		};
		43D085802713907D002131CA /* Frameworks */ = {
			isa = PBXFrameworksBuildPhase;
			buildActionMask = 2147483647;
			files = (
			);
			runOnlyForDeploymentPostprocessing = 0;
		};
		43D0858A2713907D002131CA /* Frameworks */ = {
			isa = PBXFrameworksBuildPhase;
			buildActionMask = 2147483647;
			files = (
			);
			runOnlyForDeploymentPostprocessing = 0;
		};
/* End PBXFrameworksBuildPhase section */

/* Begin PBXGroup section */
		43D085642713907C002131CA = {
			isa = PBXGroup;
			children = (
				43D0856F2713907C002131CA /* cashApp */,
				43D085862713907D002131CA /* cashAppTests */,
				43D085902713907D002131CA /* cashAppUITests */,
				43D0856E2713907C002131CA /* Products */,
			);
			sourceTree = "<group>";
		};
		43D0856E2713907C002131CA /* Products */ = {
			isa = PBXGroup;
			children = (
				43D0856D2713907C002131CA /* cashApp.app */,
				43D085832713907D002131CA /* cashAppTests.xctest */,
				43D0858D2713907D002131CA /* cashAppUITests.xctest */,
			);
			name = Products;
			sourceTree = "<group>";
		};
		43D0856F2713907C002131CA /* cashApp */ = {
			isa = PBXGroup;
			children = (
				43D085702713907C002131CA /* AppDelegate.swift */,
				43D085722713907C002131CA /* SceneDelegate.swift */,
				43D085742713907C002131CA /* ViewController.swift */,
				43D085762713907C002131CA /* Main.storyboard */,
				43D085792713907C002131CA /* Assets.xcassets */,
				43D0857B2713907C002131CA /* LaunchScreen.storyboard */,
				43D0857E2713907C002131CA /* Info.plist */,
				4334B99527140B9B005366E8 /* AdminViewController.swift */,
				4334B99727141376005366E8 /* DataFile.swift */,
				4334B999271422E1005366E8 /* FinalViewController.swift */,
			);
			path = cashApp;
			sourceTree = "<group>";
		};
		43D085862713907D002131CA /* cashAppTests */ = {
			isa = PBXGroup;
			children = (
				43D085872713907D002131CA /* cashAppTests.swift */,
			);
			path = cashAppTests;
			sourceTree = "<group>";
		};
		43D085902713907D002131CA /* cashAppUITests */ = {
			isa = PBXGroup;
			children = (
				43D085912713907D002131CA /* cashAppUITests.swift */,
				43D085932713907D002131CA /* cashAppUITestsLaunchTests.swift */,
			);
			path = cashAppUITests;
			sourceTree = "<group>";
		};
/* End PBXGroup section */

/* Begin PBXNativeTarget section */
		43D0856C2713907C002131CA /* cashApp */ = {
			isa = PBXNativeTarget;
			buildConfigurationList = 43D085972713907D002131CA /* Build configuration list for PBXNativeTarget "cashApp" */;
			buildPhases = (
				43D085692713907C002131CA /* Sources */,
				43D0856A2713907C002131CA /* Frameworks */,
				43D0856B2713907C002131CA /* Resources */,
			);
			buildRules = (
			);
			dependencies = (
			);
			name = cashApp;
			productName = cashApp;
			productReference = 43D0856D2713907C002131CA /* cashApp.app */;
			productType = "com.apple.product-type.application";
		};
		43D085822713907D002131CA /* cashAppTests */ = {
			isa = PBXNativeTarget;
			buildConfigurationList = 43D0859A2713907D002131CA /* Build configuration list for PBXNativeTarget "cashAppTests" */;
			buildPhases = (
				43D0857F2713907D002131CA /* Sources */,
				43D085802713907D002131CA /* Frameworks */,
				43D085812713907D002131CA /* Resources */,
			);
			buildRules = (
			);
			dependencies = (
				43D085852713907D002131CA /* PBXTargetDependency */,
			);
			name = cashAppTests;
			productName = cashAppTests;
			productReference = 43D085832713907D002131CA /* cashAppTests.xctest */;
			productType = "com.apple.product-type.bundle.unit-test";
		};
		43D0858C2713907D002131CA /* cashAppUITests */ = {
			isa = PBXNativeTarget;
			buildConfigurationList = 43D0859D2713907D002131CA /* Build configuration list for PBXNativeTarget "cashAppUITests" */;
			buildPhases = (
				43D085892713907D002131CA /* Sources */,
				43D0858A2713907D002131CA /* Frameworks */,
				43D0858B2713907D002131CA /* Resources */,
			);
			buildRules = (
			);
			dependencies = (
				43D0858F2713907D002131CA /* PBXTargetDependency */,
			);
			name = cashAppUITests;
			productName = cashAppUITests;
			productReference = 43D0858D2713907D002131CA /* cashAppUITests.xctest */;
			productType = "com.apple.product-type.bundle.ui-testing";
		};
/* End PBXNativeTarget section */

/* Begin PBXProject section */
		43D085652713907C002131CA /* Project object */ = {
			isa = PBXProject;
			attributes = {
				BuildIndependentTargetsInParallel = 1;
				LastSwiftUpdateCheck = 1300;
				LastUpgradeCheck = 1300;
				TargetAttributes = {
					43D0856C2713907C002131CA = {
						CreatedOnToolsVersion = 13.0;
					};
					43D085822713907D002131CA = {
						CreatedOnToolsVersion = 13.0;
						TestTargetID = 43D0856C2713907C002131CA;
					};
					43D0858C2713907D002131CA = {
						CreatedOnToolsVersion = 13.0;
						TestTargetID = 43D0856C2713907C002131CA;
					};
				};
			};
			buildConfigurationList = 43D085682713907C002131CA /* Build configuration list for PBXProject "cashApp" */;
			compatibilityVersion = "Xcode 13.0";
			developmentRegion = en;
			hasScannedForEncodings = 0;
			knownRegions = (
				en,
				Base,
			);
			mainGroup = 43D085642713907C002131CA;
			productRefGroup = 43D0856E2713907C002131CA /* Products */;
			projectDirPath = "";
			projectRoot = "";
			targets = (
				43D0856C2713907C002131CA /* cashApp */,
				43D085822713907D002131CA /* cashAppTests */,
				43D0858C2713907D002131CA /* cashAppUITests */,
			);
		};
/* End PBXProject section */

/* Begin PBXResourcesBuildPhase section */
		43D0856B2713907C002131CA /* Resources */ = {
			isa = PBXResourcesBuildPhase;
			buildActionMask = 2147483647;
			files = (
				43D0857D2713907C002131CA /* LaunchScreen.storyboard in Resources */,
				43D0857A2713907C002131CA /* Assets.xcassets in Resources */,
				43D085782713907C002131CA /* Main.storyboard in Resources */,
			);
			runOnlyForDeploymentPostprocessing = 0;
		};
		43D085812713907D002131CA /* Resources */ = {
			isa = PBXResourcesBuildPhase;
			buildActionMask = 2147483647;
			files = (
			);
			runOnlyForDeploymentPostprocessing = 0;
		};
		43D0858B2713907D002131CA /* Resources */ = {
			isa = PBXResourcesBuildPhase;
			buildActionMask = 2147483647;
			files = (
			);
			runOnlyForDeploymentPostprocessing = 0;
		};
/* End PBXResourcesBuildPhase section */

/* Begin PBXSourcesBuildPhase section */
		43D085692713907C002131CA /* Sources */ = {
			isa = PBXSourcesBuildPhase;
			buildActionMask = 2147483647;
			files = (
				4334B99627140B9B005366E8 /* AdminViewController.swift in Sources */,
				4334B99A271422E1005366E8 /* FinalViewController.swift in Sources */,
				43D085752713907C002131CA /* ViewController.swift in Sources */,
				43D085712713907C002131CA /* AppDelegate.swift in Sources */,
				43D085732713907C002131CA /* SceneDelegate.swift in Sources */,
				4334B99827141376005366E8 /* DataFile.swift in Sources */,
			);
			runOnlyForDeploymentPostprocessing = 0;
		};
		43D0857F2713907D002131CA /* Sources */ = {
			isa = PBXSourcesBuildPhase;
			buildActionMask = 2147483647;
			files = (
				43D085882713907D002131CA /* cashAppTests.swift in Sources */,
			);
			runOnlyForDeploymentPostprocessing = 0;
		};
		43D085892713907D002131CA /* Sources */ = {
			isa = PBXSourcesBuildPhase;
			buildActionMask = 2147483647;
			files = (
				43D085922713907D002131CA /* cashAppUITests.swift in Sources */,
				43D085942713907D002131CA /* cashAppUITestsLaunchTests.swift in Sources */,
			);
			runOnlyForDeploymentPostprocessing = 0;
		};
/* End PBXSourcesBuildPhase section */

/* Begin PBXTargetDependency section */
		43D085852713907D002131CA /* PBXTargetDependency */ = {
			isa = PBXTargetDependency;
			target = 43D0856C2713907C002131CA /* cashApp */;
			targetProxy = 43D085842713907D002131CA /* PBXContainerItemProxy */;
		};
		43D0858F2713907D002131CA /* PBXTargetDependency */ = {
			isa = PBXTargetDependency;
			target = 43D0856C2713907C002131CA /* cashApp */;
			targetProxy = 43D0858E2713907D002131CA /* PBXContainerItemProxy */;
		};
/* End PBXTargetDependency section */

/* Begin PBXVariantGroup section */
		43D085762713907C002131CA /* Main.storyboard */ = {
			isa = PBXVariantGroup;
			children = (
				43D085772713907C002131CA /* Base */,
			);
			name = Main.storyboard;
			sourceTree = "<group>";
		};
		43D0857B2713907C002131CA /* LaunchScreen.storyboard */ = {
			isa = PBXVariantGroup;
			children = (
				43D0857C2713907C002131CA /* Base */,
			);
			name = LaunchScreen.storyboard;
			sourceTree = "<group>";
		};
/* End PBXVariantGroup section */

/* Begin XCBuildConfiguration section */
		43D085952713907D002131CA /* Debug */ = {
			isa = XCBuildConfiguration;
			buildSettings = {
				ALWAYS_SEARCH_USER_PATHS = NO;
				CLANG_ANALYZER_NONNULL = YES;
				CLANG_ANALYZER_NUMBER_OBJECT_CONVERSION = YES_AGGRESSIVE;
				CLANG_CXX_LANGUAGE_STANDARD = "gnu++17";
				CLANG_CXX_LIBRARY = "libc++";
				CLANG_ENABLE_MODULES = YES;
				CLANG_ENABLE_OBJC_ARC = YES;
				CLANG_ENABLE_OBJC_WEAK = YES;
				CLANG_WARN_BLOCK_CAPTURE_AUTORELEASING = YES;
				CLANG_WARN_BOOL_CONVERSION = YES;
				CLANG_WARN_COMMA = YES;
				CLANG_WARN_CONSTANT_CONVERSION = YES;
				CLANG_WARN_DEPRECATED_OBJC_IMPLEMENTATIONS = YES;
				CLANG_WARN_DIRECT_OBJC_ISA_USAGE = YES_ERROR;
				CLANG_WARN_DOCUMENTATION_COMMENTS = YES;
				CLANG_WARN_EMPTY_BODY = YES;
				CLANG_WARN_ENUM_CONVERSION = YES;
				CLANG_WARN_INFINITE_RECURSION = YES;
				CLANG_WARN_INT_CONVERSION = YES;
				CLANG_WARN_NON_LITERAL_NULL_CONVERSION = YES;
				CLANG_WARN_OBJC_IMPLICIT_RETAIN_SELF = YES;
				CLANG_WARN_OBJC_LITERAL_CONVERSION = YES;
				CLANG_WARN_OBJC_ROOT_CLASS = YES_ERROR;
				CLANG_WARN_QUOTED_INCLUDE_IN_FRAMEWORK_HEADER = YES;
				CLANG_WARN_RANGE_LOOP_ANALYSIS = YES;
				CLANG_WARN_STRICT_PROTOTYPES = YES;
				CLANG_WARN_SUSPICIOUS_MOVE = YES;
				CLANG_WARN_UNGUARDED_AVAILABILITY = YES_AGGRESSIVE;
				CLANG_WARN_UNREACHABLE_CODE = YES;
				CLANG_WARN__DUPLICATE_METHOD_MATCH = YES;
				COPY_PHASE_STRIP = NO;
				DEBUG_INFORMATION_FORMAT = dwarf;
				ENABLE_STRICT_OBJC_MSGSEND = YES;
				ENABLE_TESTABILITY = YES;
				GCC_C_LANGUAGE_STANDARD = gnu11;
				GCC_DYNAMIC_NO_PIC = NO;
				GCC_NO_COMMON_BLOCKS = YES;
				GCC_OPTIMIZATION_LEVEL = 0;
				GCC_PREPROCESSOR_DEFINITIONS = (
					"DEBUG=1",
					"$(inherited)",
				);
				GCC_WARN_64_TO_32_BIT_CONVERSION = YES;
				GCC_WARN_ABOUT_RETURN_TYPE = YES_ERROR;
				GCC_WARN_UNDECLARED_SELECTOR = YES;
				GCC_WARN_UNINITIALIZED_AUTOS = YES_AGGRESSIVE;
				GCC_WARN_UNUSED_FUNCTION = YES;
				GCC_WARN_UNUSED_VARIABLE = YES;
				IPHONEOS_DEPLOYMENT_TARGET = 15.0;
				MTL_ENABLE_DEBUG_INFO = INCLUDE_SOURCE;
				MTL_FAST_MATH = YES;
				ONLY_ACTIVE_ARCH = YES;
				SDKROOT = iphoneos;
				SWIFT_ACTIVE_COMPILATION_CONDITIONS = DEBUG;
				SWIFT_OPTIMIZATION_LEVEL = "-Onone";
			};
			name = Debug;
		};
		43D085962713907D002131CA /* Release */ = {
			isa = XCBuildConfiguration;
			buildSettings = {
				ALWAYS_SEARCH_USER_PATHS = NO;
				CLANG_ANALYZER_NONNULL = YES;
				CLANG_ANALYZER_NUMBER_OBJECT_CONVERSION = YES_AGGRESSIVE;
				CLANG_CXX_LANGUAGE_STANDARD = "gnu++17";
				CLANG_CXX_LIBRARY = "libc++";
				CLANG_ENABLE_MODULES = YES;
				CLANG_ENABLE_OBJC_ARC = YES;
				CLANG_ENABLE_OBJC_WEAK = YES;
				CLANG_WARN_BLOCK_CAPTURE_AUTORELEASING = YES;
				CLANG_WARN_BOOL_CONVERSION = YES;
				CLANG_WARN_COMMA = YES;
				CLANG_WARN_CONSTANT_CONVERSION = YES;
				CLANG_WARN_DEPRECATED_OBJC_IMPLEMENTATIONS = YES;
				CLANG_WARN_DIRECT_OBJC_ISA_USAGE = YES_ERROR;
				CLANG_WARN_DOCUMENTATION_COMMENTS = YES;
				CLANG_WARN_EMPTY_BODY = YES;
				CLANG_WARN_ENUM_CONVERSION = YES;
				CLANG_WARN_INFINITE_RECURSION = YES;
				CLANG_WARN_INT_CONVERSION = YES;
				CLANG_WARN_NON_LITERAL_NULL_CONVERSION = YES;
				CLANG_WARN_OBJC_IMPLICIT_RETAIN_SELF = YES;
				CLANG_WARN_OBJC_LITERAL_CONVERSION = YES;
				CLANG_WARN_OBJC_ROOT_CLASS = YES_ERROR;
				CLANG_WARN_QUOTED_INCLUDE_IN_FRAMEWORK_HEADER = YES;
				CLANG_WARN_RANGE_LOOP_ANALYSIS = YES;
				CLANG_WARN_STRICT_PROTOTYPES = YES;
				CLANG_WARN_SUSPICIOUS_MOVE = YES;
				CLANG_WARN_UNGUARDED_AVAILABILITY = YES_AGGRESSIVE;
				CLANG_WARN_UNREACHABLE_CODE = YES;
				CLANG_WARN__DUPLICATE_METHOD_MATCH = YES;
				COPY_PHASE_STRIP = NO;
				DEBUG_INFORMATION_FORMAT = "dwarf-with-dsym";
				ENABLE_NS_ASSERTIONS = NO;
				ENABLE_STRICT_OBJC_MSGSEND = YES;
				GCC_C_LANGUAGE_STANDARD = gnu11;
				GCC_NO_COMMON_BLOCKS = YES;
				GCC_WARN_64_TO_32_BIT_CONVERSION = YES;
				GCC_WARN_ABOUT_RETURN_TYPE = YES_ERROR;
				GCC_WARN_UNDECLARED_SELECTOR = YES;
				GCC_WARN_UNINITIALIZED_AUTOS = YES_AGGRESSIVE;
				GCC_WARN_UNUSED_FUNCTION = YES;
				GCC_WARN_UNUSED_VARIABLE = YES;
				IPHONEOS_DEPLOYMENT_TARGET = 15.0;
				MTL_ENABLE_DEBUG_INFO = NO;
				MTL_FAST_MATH = YES;
				SDKROOT = iphoneos;
				SWIFT_COMPILATION_MODE = wholemodule;
				SWIFT_OPTIMIZATION_LEVEL = "-O";
				VALIDATE_PRODUCT = YES;
			};
			name = Release;
		};
		43D085982713907D002131CA /* Debug */ = {
			isa = XCBuildConfiguration;
			buildSettings = {
				ASSETCATALOG_COMPILER_APPICON_NAME = AppIcon;
				ASSETCATALOG_COMPILER_GLOBAL_ACCENT_COLOR_NAME = AccentColor;
				CODE_SIGN_STYLE = Automatic;
				CURRENT_PROJECT_VERSION = 1;
				GENERATE_INFOPLIST_FILE = YES;
				INFOPLIST_FILE = cashApp/Info.plist;
				INFOPLIST_KEY_UIApplicationSupportsIndirectInputEvents = YES;
				INFOPLIST_KEY_UILaunchStoryboardName = LaunchScreen;
				INFOPLIST_KEY_UIMainStoryboardFile = Main;
				INFOPLIST_KEY_UISupportedInterfaceOrientations_iPad = "UIInterfaceOrientationPortrait UIInterfaceOrientationPortraitUpsideDown UIInterfaceOrientationLandscapeLeft UIInterfaceOrientationLandscapeRight";
				INFOPLIST_KEY_UISupportedInterfaceOrientations_iPhone = "UIInterfaceOrientationPortrait UIInterfaceOrientationLandscapeLeft UIInterfaceOrientationLandscapeRight";
				LD_RUNPATH_SEARCH_PATHS = (
					"$(inherited)",
					"@executable_path/Frameworks",
				);
				MARKETING_VERSION = 1.0;
				PRODUCT_BUNDLE_IDENTIFIER = com.sarvechalie.cashApp.cashApp;
				PRODUCT_NAME = "$(TARGET_NAME)";
				SWIFT_EMIT_LOC_STRINGS = YES;
				SWIFT_VERSION = 5.0;
				TARGETED_DEVICE_FAMILY = "1,2";
			};
			name = Debug;
		};
		43D085992713907D002131CA /* Release */ = {
			isa = XCBuildConfiguration;
			buildSettings = {
				ASSETCATALOG_COMPILER_APPICON_NAME = AppIcon;
				ASSETCATALOG_COMPILER_GLOBAL_ACCENT_COLOR_NAME = AccentColor;
				CODE_SIGN_STYLE = Automatic;
				CURRENT_PROJECT_VERSION = 1;
				GENERATE_INFOPLIST_FILE = YES;
				INFOPLIST_FILE = cashApp/Info.plist;
				INFOPLIST_KEY_UIApplicationSupportsIndirectInputEvents = YES;
				INFOPLIST_KEY_UILaunchStoryboardName = LaunchScreen;
				INFOPLIST_KEY_UIMainStoryboardFile = Main;
				INFOPLIST_KEY_UISupportedInterfaceOrientations_iPad = "UIInterfaceOrientationPortrait UIInterfaceOrientationPortraitUpsideDown UIInterfaceOrientationLandscapeLeft UIInterfaceOrientationLandscapeRight";
				INFOPLIST_KEY_UISupportedInterfaceOrientations_iPhone = "UIInterfaceOrientationPortrait UIInterfaceOrientationLandscapeLeft UIInterfaceOrientationLandscapeRight";
				LD_RUNPATH_SEARCH_PATHS = (
					"$(inherited)",
					"@executable_path/Frameworks",
				);
				MARKETING_VERSION = 1.0;
				PRODUCT_BUNDLE_IDENTIFIER = com.sarvechalie.cashApp.cashApp;
				PRODUCT_NAME = "$(TARGET_NAME)";
				SWIFT_EMIT_LOC_STRINGS = YES;
				SWIFT_VERSION = 5.0;
				TARGETED_DEVICE_FAMILY = "1,2";
			};
			name = Release;
		};
		43D0859B2713907D002131CA /* Debug */ = {
			isa = XCBuildConfiguration;
			buildSettings = {
				ALWAYS_EMBED_SWIFT_STANDARD_LIBRARIES = YES;
				BUNDLE_LOADER = "$(TEST_HOST)";
				CODE_SIGN_STYLE = Automatic;
				CURRENT_PROJECT_VERSION = 1;
				GENERATE_INFOPLIST_FILE = YES;
				IPHONEOS_DEPLOYMENT_TARGET = 15.0;
				LD_RUNPATH_SEARCH_PATHS = (
					"$(inherited)",
					"@executable_path/Frameworks",
					"@loader_path/Frameworks",
				);
				MARKETING_VERSION = 1.0;
				PRODUCT_BUNDLE_IDENTIFIER = com.sarvechalie.cashApp.cashAppTests;
				PRODUCT_NAME = "$(TARGET_NAME)";
				SWIFT_EMIT_LOC_STRINGS = NO;
				SWIFT_VERSION = 5.0;
				TARGETED_DEVICE_FAMILY = "1,2";
				TEST_HOST = "$(BUILT_PRODUCTS_DIR)/cashApp.app/cashApp";
			};
			name = Debug;
		};
		43D0859C2713907D002131CA /* Release */ = {
			isa = XCBuildConfiguration;
			buildSettings = {
				ALWAYS_EMBED_SWIFT_STANDARD_LIBRARIES = YES;
				BUNDLE_LOADER = "$(TEST_HOST)";
				CODE_SIGN_STYLE = Automatic;
				CURRENT_PROJECT_VERSION = 1;
				GENERATE_INFOPLIST_FILE = YES;
				IPHONEOS_DEPLOYMENT_TARGET = 15.0;
				LD_RUNPATH_SEARCH_PATHS = (
					"$(inherited)",
					"@executable_path/Frameworks",
					"@loader_path/Frameworks",
				);
				MARKETING_VERSION = 1.0;
				PRODUCT_BUNDLE_IDENTIFIER = com.sarvechalie.cashApp.cashAppTests;
				PRODUCT_NAME = "$(TARGET_NAME)";
				SWIFT_EMIT_LOC_STRINGS = NO;
				SWIFT_VERSION = 5.0;
				TARGETED_DEVICE_FAMILY = "1,2";
				TEST_HOST = "$(BUILT_PRODUCTS_DIR)/cashApp.app/cashApp";
			};
			name = Release;
		};
		43D0859E2713907D002131CA /* Debug */ = {
			isa = XCBuildConfiguration;
			buildSettings = {
				ALWAYS_EMBED_SWIFT_STANDARD_LIBRARIES = YES;
				CODE_SIGN_STYLE = Automatic;
				CURRENT_PROJECT_VERSION = 1;
				GENERATE_INFOPLIST_FILE = YES;
				LD_RUNPATH_SEARCH_PATHS = (
					"$(inherited)",
					"@executable_path/Frameworks",
					"@loader_path/Frameworks",
				);
				MARKETING_VERSION = 1.0;
				PRODUCT_BUNDLE_IDENTIFIER = com.sarvechalie.cashApp.cashAppUITests;
				PRODUCT_NAME = "$(TARGET_NAME)";
				SWIFT_EMIT_LOC_STRINGS = NO;
				SWIFT_VERSION = 5.0;
				TARGETED_DEVICE_FAMILY = "1,2";
				TEST_TARGET_NAME = cashApp;
			};
			name = Debug;
		};
		43D0859F2713907D002131CA /* Release */ = {
			isa = XCBuildConfiguration;
			buildSettings = {
				ALWAYS_EMBED_SWIFT_STANDARD_LIBRARIES = YES;
				CODE_SIGN_STYLE = Automatic;
				CURRENT_PROJECT_VERSION = 1;
				GENERATE_INFOPLIST_FILE = YES;
				LD_RUNPATH_SEARCH_PATHS = (
					"$(inherited)",
					"@executable_path/Frameworks",
					"@loader_path/Frameworks",
				);
				MARKETING_VERSION = 1.0;
				PRODUCT_BUNDLE_IDENTIFIER = com.sarvechalie.cashApp.cashAppUITests;
				PRODUCT_NAME = "$(TARGET_NAME)";
				SWIFT_EMIT_LOC_STRINGS = NO;
				SWIFT_VERSION = 5.0;
				TARGETED_DEVICE_FAMILY = "1,2";
				TEST_TARGET_NAME = cashApp;
			};
			name = Release;
		};
/* End XCBuildConfiguration section */

/* Begin XCConfigurationList section */
		43D085682713907C002131CA /* Build configuration list for PBXProject "cashApp" */ = {
			isa = XCConfigurationList;
			buildConfigurations = (
				43D085952713907D002131CA /* Debug */,
				43D085962713907D002131CA /* Release */,
			);
			defaultConfigurationIsVisible = 0;
			defaultConfigurationName = Release;
		};
		43D085972713907D002131CA /* Build configuration list for PBXNativeTarget "cashApp" */ = {
			isa = XCConfigurationList;
			buildConfigurations = (
				43D085982713907D002131CA /* Debug */,
				43D085992713907D002131CA /* Release */,
			);
			defaultConfigurationIsVisible = 0;
			defaultConfigurationName = Release;
		};
		43D0859A2713907D002131CA /* Build configuration list for PBXNativeTarget "cashAppTests" */ = {
			isa = XCConfigurationList;
			buildConfigurations = (
				43D0859B2713907D002131CA /* Debug */,
				43D0859C2713907D002131CA /* Release */,
			);
			defaultConfigurationIsVisible = 0;
			defaultConfigurationName = Release;
		};
		43D0859D2713907D002131CA /* Build configuration list for PBXNativeTarget "cashAppUITests" */ = {
			isa = XCConfigurationList;
			buildConfigurations = (
				43D0859E2713907D002131CA /* Debug */,
				43D0859F2713907D002131CA /* Release */,
			);
			defaultConfigurationIsVisible = 0;
			defaultConfigurationName = Release;
		};
/* End XCConfigurationList section */
	};
	rootObject = 43D085652713907C002131CA /* Project object */;
}
